
Microsoft Visual Studio Solution File, Format Version 12.00
# Visual Studio Version 16
VisualStudioVersion = 16.0.30225.117
MinimumVisualStudioVersion = 10.0.40219.1
Project("{9A19103F-16F7-4668-BE54-9A1E7A4F7556}") = "SalesApi", "SalesApi\SalesApi.csproj", "{36CEE0A2-9645-44C9-AC25-F1E74FDF6E4D}"
EndProject
Project("{FAE04EC0-301F-11D3-BF4B-00C04F79EFBC}") = "SalesApi.Test", "SalesApi.Test\SalesApi.Test.csproj", "{C199221D-CFAB-46EC-8B80-6904DA1B43CD}"
EndProject
Global
	GlobalSection(SolutionConfigurationPlatforms) = preSolution
		Debug|Any CPU = Debug|Any CPU
		Release|Any CPU = Release|Any CPU
	EndGlobalSection
	GlobalSection(ProjectConfigurationPlatforms) = postSolution
		{36CEE0A2-9645-44C9-AC25-F1E74FDF6E4D}.Debug|Any CPU.ActiveCfg = Debug|Any CPU
		{36CEE0A2-9645-44C9-AC25-F1E74FDF6E4D}.Debug|Any CPU.Build.0 = Debug|Any CPU
		{36CEE0A2-9645-44C9-AC25-F1E74FDF6E4D}.Release|Any CPU.ActiveCfg = Release|Any CPU
		{36CEE0A2-9645-44C9-AC25-F1E74FDF6E4D}.Release|Any CPU.Build.0 = Release|Any CPU
		{C199221D-CFAB-46EC-8B80-6904DA1B43CD}.Debug|Any CPU.ActiveCfg = Debug|Any CPU
		{C199221D-CFAB-46EC-8B80-6904DA1B43CD}.Debug|Any CPU.Build.0 = Debug|Any CPU
		{C199221D-CFAB-46EC-8B80-6904DA1B43CD}.Release|Any CPU.ActiveCfg = Release|Any CPU
		{C199221D-CFAB-46EC-8B80-6904DA1B43CD}.Release|Any CPU.Build.0 = Release|Any CPU
	EndGlobalSection
	GlobalSection(SolutionProperties) = preSolution
		HideSolutionNode = FALSE
	EndGlobalSection
	GlobalSection(ExtensibilityGlobals) = postSolution
		SolutionGuid = {FFDE1B88-090D-44FB-AAF7-FFC29FF1F1BF}
	EndGlobalSection
EndGlobal
